// !$*UTF8*$!
{
	archiveVersion = 1;
	classes = {
	};
	objectVersion = 50;
	objects = {

/* Begin PBXBuildFile section */
		C2209FA820866AA000675D2B /* PlantCharacteristicsControl.swift in Sources */ = {isa = PBXBuildFile; fileRef = C2209FA720866AA000675D2B /* PlantCharacteristicsControl.swift */; };
		C225D4392085ED1F00507C65 /* AppDelegate.swift in Sources */ = {isa = PBXBuildFile; fileRef = C225D4382085ED1F00507C65 /* AppDelegate.swift */; };
		C225D43B2085ED1F00507C65 /* PlantViewController.swift in Sources */ = {isa = PBXBuildFile; fileRef = C225D43A2085ED1F00507C65 /* PlantViewController.swift */; };
		C225D43E2085ED1F00507C65 /* Main.storyboard in Resources */ = {isa = PBXBuildFile; fileRef = C225D43C2085ED1F00507C65 /* Main.storyboard */; };
		C225D4402085ED2900507C65 /* Assets.xcassets in Resources */ = {isa = PBXBuildFile; fileRef = C225D43F2085ED2900507C65 /* Assets.xcassets */; };
		C225D4432085ED2900507C65 /* LaunchScreen.storyboard in Resources */ = {isa = PBXBuildFile; fileRef = C225D4412085ED2900507C65 /* LaunchScreen.storyboard */; };
		C225D44E2085ED2900507C65 /* PlantTrackerTests.swift in Sources */ = {isa = PBXBuildFile; fileRef = C225D44D2085ED2900507C65 /* PlantTrackerTests.swift */; };
		C2FD6A022088FFD50055ADBB /* Plant.swift in Sources */ = {isa = PBXBuildFile; fileRef = C2FD6A012088FFD50055ADBB /* Plant.swift */; };
		C2FD6A042089031D0055ADBB /* PlantTableViewCell.swift in Sources */ = {isa = PBXBuildFile; fileRef = C2FD6A032089031D0055ADBB /* PlantTableViewCell.swift */; };
		C2FD6A06208908F10055ADBB /* PlantTableViewController.swift in Sources */ = {isa = PBXBuildFile; fileRef = C2FD6A05208908F10055ADBB /* PlantTableViewController.swift */; };
/* End PBXBuildFile section */

/* Begin PBXContainerItemProxy section */
		C225D44A2085ED2900507C65 /* PBXContainerItemProxy */ = {
			isa = PBXContainerItemProxy;
			containerPortal = C225D42D2085ED1F00507C65 /* Project object */;
			proxyType = 1;
			remoteGlobalIDString = C225D4342085ED1F00507C65;
			remoteInfo = PlantTracker;
		};
/* End PBXContainerItemProxy section */

/* Begin PBXFileReference section */
		C2209FA720866AA000675D2B /* PlantCharacteristicsControl.swift */ = {isa = PBXFileReference; lastKnownFileType = sourcecode.swift; path = PlantCharacteristicsControl.swift; sourceTree = "<group>"; };
		C225D4352085ED1F00507C65 /* PlantTracker.app */ = {isa = PBXFileReference; explicitFileType = wrapper.application; includeInIndex = 0; path = PlantTracker.app; sourceTree = BUILT_PRODUCTS_DIR; };
		C225D4382085ED1F00507C65 /* AppDelegate.swift */ = {isa = PBXFileReference; lastKnownFileType = sourcecode.swift; path = AppDelegate.swift; sourceTree = "<group>"; };
		C225D43A2085ED1F00507C65 /* PlantViewController.swift */ = {isa = PBXFileReference; lastKnownFileType = sourcecode.swift; path = PlantViewController.swift; sourceTree = "<group>"; };
		C225D43D2085ED1F00507C65 /* Base */ = {isa = PBXFileReference; lastKnownFileType = file.storyboard; name = Base; path = Base.lproj/Main.storyboard; sourceTree = "<group>"; };
		C225D43F2085ED2900507C65 /* Assets.xcassets */ = {isa = PBXFileReference; lastKnownFileType = folder.assetcatalog; path = Assets.xcassets; sourceTree = "<group>"; };
		C225D4422085ED2900507C65 /* Base */ = {isa = PBXFileReference; lastKnownFileType = file.storyboard; name = Base; path = Base.lproj/LaunchScreen.storyboard; sourceTree = "<group>"; };
		C225D4442085ED2900507C65 /* Info.plist */ = {isa = PBXFileReference; lastKnownFileType = text.plist.xml; path = Info.plist; sourceTree = "<group>"; };
		C225D4492085ED2900507C65 /* PlantTrackerTests.xctest */ = {isa = PBXFileReference; explicitFileType = wrapper.cfbundle; includeInIndex = 0; path = PlantTrackerTests.xctest; sourceTree = BUILT_PRODUCTS_DIR; };
		C225D44D2085ED2900507C65 /* PlantTrackerTests.swift */ = {isa = PBXFileReference; lastKnownFileType = sourcecode.swift; path = PlantTrackerTests.swift; sourceTree = "<group>"; };
		C225D44F2085ED2900507C65 /* Info.plist */ = {isa = PBXFileReference; lastKnownFileType = text.plist.xml; path = Info.plist; sourceTree = "<group>"; };
		C2FD6A012088FFD50055ADBB /* Plant.swift */ = {isa = PBXFileReference; lastKnownFileType = sourcecode.swift; path = Plant.swift; sourceTree = "<group>"; };
		C2FD6A032089031D0055ADBB /* PlantTableViewCell.swift */ = {isa = PBXFileReference; lastKnownFileType = sourcecode.swift; path = PlantTableViewCell.swift; sourceTree = "<group>"; };
		C2FD6A05208908F10055ADBB /* PlantTableViewController.swift */ = {isa = PBXFileReference; lastKnownFileType = sourcecode.swift; path = PlantTableViewController.swift; sourceTree = "<group>"; };
/* End PBXFileReference section */

/* Begin PBXFrameworksBuildPhase section */
		C225D4322085ED1F00507C65 /* Frameworks */ = {
			isa = PBXFrameworksBuildPhase;
			buildActionMask = 2147483647;
			files = (
			);
			runOnlyForDeploymentPostprocessing = 0;
		};
		C225D4462085ED2900507C65 /* Frameworks */ = {
			isa = PBXFrameworksBuildPhase;
			buildActionMask = 2147483647;
			files = (
			);
			runOnlyForDeploymentPostprocessing = 0;
		};
/* End PBXFrameworksBuildPhase section */

/* Begin PBXGroup section */
		C225D42C2085ED1F00507C65 = {
			isa = PBXGroup;
			children = (
				C225D4372085ED1F00507C65 /* PlantTracker */,
				C225D44C2085ED2900507C65 /* PlantTrackerTests */,
				C225D4362085ED1F00507C65 /* Products */,
			);
			sourceTree = "<group>";
		};
		C225D4362085ED1F00507C65 /* Products */ = {
			isa = PBXGroup;
			children = (
				C225D4352085ED1F00507C65 /* PlantTracker.app */,
				C225D4492085ED2900507C65 /* PlantTrackerTests.xctest */,
			);
			name = Products;
			sourceTree = "<group>";
		};
		C225D4372085ED1F00507C65 /* PlantTracker */ = {
			isa = PBXGroup;
			children = (
				C225D4382085ED1F00507C65 /* AppDelegate.swift */,
				C225D43A2085ED1F00507C65 /* PlantViewController.swift */,
				C2FD6A012088FFD50055ADBB /* Plant.swift */,
				C2209FA720866AA000675D2B /* PlantCharacteristicsControl.swift */,
				C2FD6A032089031D0055ADBB /* PlantTableViewCell.swift */,
				C2FD6A05208908F10055ADBB /* PlantTableViewController.swift */,
				C225D43C2085ED1F00507C65 /* Main.storyboard */,
				C225D43F2085ED2900507C65 /* Assets.xcassets */,
				C225D4412085ED2900507C65 /* LaunchScreen.storyboard */,
				C225D4442085ED2900507C65 /* Info.plist */,
			);
			path = PlantTracker;
			sourceTree = "<group>";
		};
		C225D44C2085ED2900507C65 /* PlantTrackerTests */ = {
			isa = PBXGroup;
			children = (
				C225D44D2085ED2900507C65 /* PlantTrackerTests.swift */,
				C225D44F2085ED2900507C65 /* Info.plist */,
			);
			path = PlantTrackerTests;
			sourceTree = "<group>";
		};
/* End PBXGroup section */

/* Begin PBXNativeTarget section */
		C225D4342085ED1F00507C65 /* PlantTracker */ = {
			isa = PBXNativeTarget;
			buildConfigurationList = C225D4522085ED2900507C65 /* Build configuration list for PBXNativeTarget "PlantTracker" */;
			buildPhases = (
				C225D4312085ED1F00507C65 /* Sources */,
				C225D4322085ED1F00507C65 /* Frameworks */,
				C225D4332085ED1F00507C65 /* Resources */,
			);
			buildRules = (
			);
			dependencies = (
			);
			name = PlantTracker;
			productName = PlantTracker;
			productReference = C225D4352085ED1F00507C65 /* PlantTracker.app */;
			productType = "com.apple.product-type.application";
		};
		C225D4482085ED2900507C65 /* PlantTrackerTests */ = {
			isa = PBXNativeTarget;
			buildConfigurationList = C225D4552085ED2900507C65 /* Build configuration list for PBXNativeTarget "PlantTrackerTests" */;
			buildPhases = (
				C225D4452085ED2900507C65 /* Sources */,
				C225D4462085ED2900507C65 /* Frameworks */,
				C225D4472085ED2900507C65 /* Resources */,
			);
			buildRules = (
			);
			dependencies = (
				C225D44B2085ED2900507C65 /* PBXTargetDependency */,
			);
			name = PlantTrackerTests;
			productName = PlantTrackerTests;
			productReference = C225D4492085ED2900507C65 /* PlantTrackerTests.xctest */;
			productType = "com.apple.product-type.bundle.unit-test";
		};
/* End PBXNativeTarget section */

/* Begin PBXProject section */
		C225D42D2085ED1F00507C65 /* Project object */ = {
			isa = PBXProject;
			attributes = {
				LastSwiftUpdateCheck = 0930;
				LastUpgradeCheck = 0930;
				ORGANIZATIONNAME = "Maximilian Eckert";
				TargetAttributes = {
					C225D4342085ED1F00507C65 = {
						CreatedOnToolsVersion = 9.3;
					};
					C225D4482085ED2900507C65 = {
						CreatedOnToolsVersion = 9.3;
						TestTargetID = C225D4342085ED1F00507C65;
					};
				};
			};
			buildConfigurationList = C225D4302085ED1F00507C65 /* Build configuration list for PBXProject "PlantTracker" */;
			compatibilityVersion = "Xcode 9.3";
			developmentRegion = en;
			hasScannedForEncodings = 0;
			knownRegions = (
				en,
				Base,
			);
			mainGroup = C225D42C2085ED1F00507C65;
			productRefGroup = C225D4362085ED1F00507C65 /* Products */;
			projectDirPath = "";
			projectRoot = "";
			targets = (
				C225D4342085ED1F00507C65 /* PlantTracker */,
				C225D4482085ED2900507C65 /* PlantTrackerTests */,
			);
		};
/* End PBXProject section */

/* Begin PBXResourcesBuildPhase section */
		C225D4332085ED1F00507C65 /* Resources */ = {
			isa = PBXResourcesBuildPhase;
			buildActionMask = 2147483647;
			files = (
				C225D4432085ED2900507C65 /* LaunchScreen.storyboard in Resources */,
				C225D4402085ED2900507C65 /* Assets.xcassets in Resources */,
				C225D43E2085ED1F00507C65 /* Main.storyboard in Resources */,
			);
			runOnlyForDeploymentPostprocessing = 0;
		};
		C225D4472085ED2900507C65 /* Resources */ = {
			isa = PBXResourcesBuildPhase;
			buildActionMask = 2147483647;
			files = (
			);
			runOnlyForDeploymentPostprocessing = 0;
		};
/* End PBXResourcesBuildPhase section */

/* Begin PBXSourcesBuildPhase section */
		C225D4312085ED1F00507C65 /* Sources */ = {
			isa = PBXSourcesBuildPhase;
			buildActionMask = 2147483647;
			files = (
				C225D43B2085ED1F00507C65 /* PlantViewController.swift in Sources */,
				C2FD6A042089031D0055ADBB /* PlantTableViewCell.swift in Sources */,
				C2FD6A022088FFD50055ADBB /* Plant.swift in Sources */,
				C2209FA820866AA000675D2B /* PlantCharacteristicsControl.swift in Sources */,
				C225D4392085ED1F00507C65 /* AppDelegate.swift in Sources */,
				C2FD6A06208908F10055ADBB /* PlantTableViewController.swift in Sources */,
			);
			runOnlyForDeploymentPostprocessing = 0;
		};
		C225D4452085ED2900507C65 /* Sources */ = {
			isa = PBXSourcesBuildPhase;
			buildActionMask = 2147483647;
			files = (
				C225D44E2085ED2900507C65 /* PlantTrackerTests.swift in Sources */,
			);
			runOnlyForDeploymentPostprocessing = 0;
		};
/* End PBXSourcesBuildPhase section */

/* Begin PBXTargetDependency section */
		C225D44B2085ED2900507C65 /* PBXTargetDependency */ = {
			isa = PBXTargetDependency;
			target = C225D4342085ED1F00507C65 /* PlantTracker */;
			targetProxy = C225D44A2085ED2900507C65 /* PBXContainerItemProxy */;
		};
/* End PBXTargetDependency section */

/* Begin PBXVariantGroup section */
		C225D43C2085ED1F00507C65 /* Main.storyboard */ = {
			isa = PBXVariantGroup;
			children = (
				C225D43D2085ED1F00507C65 /* Base */,
			);
			name = Main.storyboard;
			sourceTree = "<group>";
		};
		C225D4412085ED2900507C65 /* LaunchScreen.storyboard */ = {
			isa = PBXVariantGroup;
			children = (
				C225D4422085ED2900507C65 /* Base */,
			);
			name = LaunchScreen.storyboard;
			sourceTree = "<group>";
		};
/* End PBXVariantGroup section */

/* Begin XCBuildConfiguration section */
		C225D4502085ED2900507C65 /* Debug */ = {
			isa = XCBuildConfiguration;
			buildSettings = {
				ALWAYS_SEARCH_USER_PATHS = NO;
				CLANG_ANALYZER_NONNULL = YES;
				CLANG_ANALYZER_NUMBER_OBJECT_CONVERSION = YES_AGGRESSIVE;
				CLANG_CXX_LANGUAGE_STANDARD = "gnu++14";
				CLANG_CXX_LIBRARY = "libc++";
				CLANG_ENABLE_MODULES = YES;
				CLANG_ENABLE_OBJC_ARC = YES;
				CLANG_ENABLE_OBJC_WEAK = YES;
				CLANG_WARN_BLOCK_CAPTURE_AUTORELEASING = YES;
				CLANG_WARN_BOOL_CONVERSION = YES;
				CLANG_WARN_COMMA = YES;
				CLANG_WARN_CONSTANT_CONVERSION = YES;
				CLANG_WARN_DEPRECATED_OBJC_IMPLEMENTATIONS = YES;
				CLANG_WARN_DIRECT_OBJC_ISA_USAGE = YES_ERROR;
				CLANG_WARN_DOCUMENTATION_COMMENTS = YES;
				CLANG_WARN_EMPTY_BODY = YES;
				CLANG_WARN_ENUM_CONVERSION = YES;
				CLANG_WARN_INFINITE_RECURSION = YES;
				CLANG_WARN_INT_CONVERSION = YES;
				CLANG_WARN_NON_LITERAL_NULL_CONVERSION = YES;
				CLANG_WARN_OBJC_IMPLICIT_RETAIN_SELF = YES;
				CLANG_WARN_OBJC_LITERAL_CONVERSION = YES;
				CLANG_WARN_OBJC_ROOT_CLASS = YES_ERROR;
				CLANG_WARN_RANGE_LOOP_ANALYSIS = YES;
				CLANG_WARN_STRICT_PROTOTYPES = YES;
				CLANG_WARN_SUSPICIOUS_MOVE = YES;
				CLANG_WARN_UNGUARDED_AVAILABILITY = YES_AGGRESSIVE;
				CLANG_WARN_UNREACHABLE_CODE = YES;
				CLANG_WARN__DUPLICATE_METHOD_MATCH = YES;
				CODE_SIGN_IDENTITY = "iPhone Developer";
				COPY_PHASE_STRIP = NO;
				DEBUG_INFORMATION_FORMAT = dwarf;
				ENABLE_STRICT_OBJC_MSGSEND = YES;
				ENABLE_TESTABILITY = YES;
				GCC_C_LANGUAGE_STANDARD = gnu11;
				GCC_DYNAMIC_NO_PIC = NO;
				GCC_NO_COMMON_BLOCKS = YES;
				GCC_OPTIMIZATION_LEVEL = 0;
				GCC_PREPROCESSOR_DEFINITIONS = (
					"DEBUG=1",
					"$(inherited)",
				);
				GCC_WARN_64_TO_32_BIT_CONVERSION = YES;
				GCC_WARN_ABOUT_RETURN_TYPE = YES_ERROR;
				GCC_WARN_UNDECLARED_SELECTOR = YES;
				GCC_WARN_UNINITIALIZED_AUTOS = YES_AGGRESSIVE;
				GCC_WARN_UNUSED_FUNCTION = YES;
				GCC_WARN_UNUSED_VARIABLE = YES;
				IPHONEOS_DEPLOYMENT_TARGET = 11.3;
				MTL_ENABLE_DEBUG_INFO = YES;
				ONLY_ACTIVE_ARCH = YES;
				SDKROOT = iphoneos;
				SWIFT_ACTIVE_COMPILATION_CONDITIONS = DEBUG;
				SWIFT_OPTIMIZATION_LEVEL = "-Onone";
			};
			name = Debug;
		};
		C225D4512085ED2900507C65 /* Release */ = {
			isa = XCBuildConfiguration;
			buildSettings = {
				ALWAYS_SEARCH_USER_PATHS = NO;
				CLANG_ANALYZER_NONNULL = YES;
				CLANG_ANALYZER_NUMBER_OBJECT_CONVERSION = YES_AGGRESSIVE;
				CLANG_CXX_LANGUAGE_STANDARD = "gnu++14";
				CLANG_CXX_LIBRARY = "libc++";
				CLANG_ENABLE_MODULES = YES;
				CLANG_ENABLE_OBJC_ARC = YES;
				CLANG_ENABLE_OBJC_WEAK = YES;
				CLANG_WARN_BLOCK_CAPTURE_AUTORELEASING = YES;
				CLANG_WARN_BOOL_CONVERSION = YES;
				CLANG_WARN_COMMA = YES;
				CLANG_WARN_CONSTANT_CONVERSION = YES;
				CLANG_WARN_DEPRECATED_OBJC_IMPLEMENTATIONS = YES;
				CLANG_WARN_DIRECT_OBJC_ISA_USAGE = YES_ERROR;
				CLANG_WARN_DOCUMENTATION_COMMENTS = YES;
				CLANG_WARN_EMPTY_BODY = YES;
				CLANG_WARN_ENUM_CONVERSION = YES;
				CLANG_WARN_INFINITE_RECURSION = YES;
				CLANG_WARN_INT_CONVERSION = YES;
				CLANG_WARN_NON_LITERAL_NULL_CONVERSION = YES;
				CLANG_WARN_OBJC_IMPLICIT_RETAIN_SELF = YES;
				CLANG_WARN_OBJC_LITERAL_CONVERSION = YES;
				CLANG_WARN_OBJC_ROOT_CLASS = YES_ERROR;
				CLANG_WARN_RANGE_LOOP_ANALYSIS = YES;
				CLANG_WARN_STRICT_PROTOTYPES = YES;
				CLANG_WARN_SUSPICIOUS_MOVE = YES;
				CLANG_WARN_UNGUARDED_AVAILABILITY = YES_AGGRESSIVE;
				CLANG_WARN_UNREACHABLE_CODE = YES;
				CLANG_WARN__DUPLICATE_METHOD_MATCH = YES;
				CODE_SIGN_IDENTITY = "iPhone Developer";
				COPY_PHASE_STRIP = NO;
				DEBUG_INFORMATION_FORMAT = "dwarf-with-dsym";
				ENABLE_NS_ASSERTIONS = NO;
				ENABLE_STRICT_OBJC_MSGSEND = YES;
				GCC_C_LANGUAGE_STANDARD = gnu11;
				GCC_NO_COMMON_BLOCKS = YES;
				GCC_WARN_64_TO_32_BIT_CONVERSION = YES;
				GCC_WARN_ABOUT_RETURN_TYPE = YES_ERROR;
				GCC_WARN_UNDECLARED_SELECTOR = YES;
				GCC_WARN_UNINITIALIZED_AUTOS = YES_AGGRESSIVE;
				GCC_WARN_UNUSED_FUNCTION = YES;
				GCC_WARN_UNUSED_VARIABLE = YES;
				IPHONEOS_DEPLOYMENT_TARGET = 11.3;
				MTL_ENABLE_DEBUG_INFO = NO;
				SDKROOT = iphoneos;
				SWIFT_COMPILATION_MODE = wholemodule;
				SWIFT_OPTIMIZATION_LEVEL = "-O";
				VALIDATE_PRODUCT = YES;
			};
			name = Release;
		};
		C225D4532085ED2900507C65 /* Debug */ = {
			isa = XCBuildConfiguration;
			buildSettings = {
				ASSETCATALOG_COMPILER_APPICON_NAME = AppIcon;
				CODE_SIGN_STYLE = Automatic;
				DEVELOPMENT_TEAM = UNH2662V84;
				INFOPLIST_FILE = PlantTracker/Info.plist;
				LD_RUNPATH_SEARCH_PATHS = (
					"$(inherited)",
					"@executable_path/Frameworks",
				);
				PRODUCT_BUNDLE_IDENTIFIER = com.eckert.PlantTracker;
				PRODUCT_NAME = "$(TARGET_NAME)";
				SWIFT_VERSION = 4.0;
				TARGETED_DEVICE_FAMILY = "1,2";
			};
			name = Debug;
		};
		C225D4542085ED2900507C65 /* Release */ = {
			isa = XCBuildConfiguration;
			buildSettings = {
				ASSETCATALOG_COMPILER_APPICON_NAME = AppIcon;
				CODE_SIGN_STYLE = Automatic;
				DEVELOPMENT_TEAM = UNH2662V84;
				INFOPLIST_FILE = PlantTracker/Info.plist;
				LD_RUNPATH_SEARCH_PATHS = (
					"$(inherited)",
					"@executable_path/Frameworks",
				);
				PRODUCT_BUNDLE_IDENTIFIER = com.eckert.PlantTracker;
				PRODUCT_NAME = "$(TARGET_NAME)";
				SWIFT_VERSION = 4.0;
				TARGETED_DEVICE_FAMILY = "1,2";
			};
			name = Release;
		};
		C225D4562085ED2900507C65 /* Debug */ = {
			isa = XCBuildConfiguration;
			buildSettings = {
				ALWAYS_EMBED_SWIFT_STANDARD_LIBRARIES = YES;
				BUNDLE_LOADER = "$(TEST_HOST)";
				CODE_SIGN_STYLE = Automatic;
				DEVELOPMENT_TEAM = UNH2662V84;
				INFOPLIST_FILE = PlantTrackerTests/Info.plist;
				LD_RUNPATH_SEARCH_PATHS = (
					"$(inherited)",
					"@executable_path/Frameworks",
					"@loader_path/Frameworks",
				);
				PRODUCT_BUNDLE_IDENTIFIER = com.eckert.PlantTrackerTests;
				PRODUCT_NAME = "$(TARGET_NAME)";
				SWIFT_VERSION = 4.0;
				TARGETED_DEVICE_FAMILY = "1,2";
				TEST_HOST = "$(BUILT_PRODUCTS_DIR)/PlantTracker.app/PlantTracker";
			};
			name = Debug;
		};
		C225D4572085ED2900507C65 /* Release */ = {
			isa = XCBuildConfiguration;
			buildSettings = {
				ALWAYS_EMBED_SWIFT_STANDARD_LIBRARIES = YES;
				BUNDLE_LOADER = "$(TEST_HOST)";
				CODE_SIGN_STYLE = Automatic;
				DEVELOPMENT_TEAM = UNH2662V84;
				INFOPLIST_FILE = PlantTrackerTests/Info.plist;
				LD_RUNPATH_SEARCH_PATHS = (
					"$(inherited)",
					"@executable_path/Frameworks",
					"@loader_path/Frameworks",
				);
				PRODUCT_BUNDLE_IDENTIFIER = com.eckert.PlantTrackerTests;
				PRODUCT_NAME = "$(TARGET_NAME)";
				SWIFT_VERSION = 4.0;
				TARGETED_DEVICE_FAMILY = "1,2";
				TEST_HOST = "$(BUILT_PRODUCTS_DIR)/PlantTracker.app/PlantTracker";
			};
			name = Release;
		};
/* End XCBuildConfiguration section */

/* Begin XCConfigurationList section */
		C225D4302085ED1F00507C65 /* Build configuration list for PBXProject "PlantTracker" */ = {
			isa = XCConfigurationList;
			buildConfigurations = (
				C225D4502085ED2900507C65 /* Debug */,
				C225D4512085ED2900507C65 /* Release */,
			);
			defaultConfigurationIsVisible = 0;
			defaultConfigurationName = Release;
		};
		C225D4522085ED2900507C65 /* Build configuration list for PBXNativeTarget "PlantTracker" */ = {
			isa = XCConfigurationList;
			buildConfigurations = (
				C225D4532085ED2900507C65 /* Debug */,
				C225D4542085ED2900507C65 /* Release */,
			);
			defaultConfigurationIsVisible = 0;
			defaultConfigurationName = Release;
		};
		C225D4552085ED2900507C65 /* Build configuration list for PBXNativeTarget "PlantTrackerTests" */ = {
			isa = XCConfigurationList;
			buildConfigurations = (
				C225D4562085ED2900507C65 /* Debug */,
				C225D4572085ED2900507C65 /* Release */,
			);
			defaultConfigurationIsVisible = 0;
			defaultConfigurationName = Release;
		};
/* End XCConfigurationList section */
	};
	rootObject = C225D42D2085ED1F00507C65 /* Project object */;
}
